{
	"name": "random-quote-machine",
	"version": "1.0.0",
	"lockfileVersion": 2,
	"requires": true,
	"packages": {
		"": {
			"version": "1.0.0",
			"license": "ISC",
			"dependencies": {
				"animate.css": "^4.1.1",
				"bootstrap": "^5.0.1",
				"jquery": "^3.6.0",
				"node": "^16.1.0",
				"ui": "^0.2.4"
			}
		},
		"node_modules/@popperjs/core": {
			"version": "2.9.2",
			"resolved": "https://registry.npmjs.org/@popperjs/core/-/core-2.9.2.tgz",
			"integrity": "sha512-VZMYa7+fXHdwIq1TDhSXoVmSPEGM/aa+6Aiq3nVVJ9bXr24zScr+NlKFKC3iPljA7ho/GAZr+d2jOf5GIRC30Q==",
			"peer": true,
			"funding": {
				"type": "opencollective",
				"url": "https://opencollective.com/popperjs"
			}
		},
		"node_modules/animate.css": {
			"version": "4.1.1",
			"resolved": "https://registry.npmjs.org/animate.css/-/animate.css-4.1.1.tgz",
			"integrity": "sha512-+mRmCTv6SbCmtYJCN4faJMNFVNN5EuCTTprDTAo7YzIGji2KADmakjVA3+8mVDkZ2Bf09vayB35lSQIex2+QaQ=="
		},
		"node_modules/bootstrap": {
			"version": "5.0.1",
			"resolved": "https://registry.npmjs.org/bootstrap/-/bootstrap-5.0.1.tgz",
			"integrity": "sha512-Fl79+wsLOZKoiU345KeEaWD0ik8WKRI5zm0YSPj2oF1Qr+BO7z0fco6GbUtqjoG1h4VI89PeKJnMsMMVQdKKTw==",
			"funding": {
				"type": "opencollective",
				"url": "https://opencollective.com/bootstrap"
			},
			"peerDependencies": {
				"@popperjs/core": "^2.9.2"
			}
		},
		"node_modules/jquery": {
			"version": "3.6.0",
			"resolved": "https://registry.npmjs.org/jquery/-/jquery-3.6.0.tgz",
			"integrity": "sha512-JVzAR/AjBvVt2BmYhxRCSYysDsPcssdmTFnzyLEts9qNwmjmu4JTAMYubEfwVOSwpQ1I1sKKFcxhZCI2buerfw=="
		},
		"node_modules/node": {
			"version": "16.1.0",
			"resolved": "https://registry.npmjs.org/node/-/node-16.1.0.tgz",
			"integrity": "sha512-VCdVc3JI7WrGFwaentjwZsL936Gbzvi4k4y8pqWvml/7JM98oVY9mCv/WvzpPHr2NyZHXCngTiIa0Y26xufNSA==",
			"hasInstallScript": true,
			"dependencies": {
				"node-bin-setup": "^1.0.0"
			},
			"bin": {
				"node": "bin/node"
			},
			"engines": {
				"npm": ">=5.0.0"
			}
		},
		"node_modules/node-bin-setup": {
			"version": "1.0.6",
			"resolved": "https://registry.npmjs.org/node-bin-setup/-/node-bin-setup-1.0.6.tgz",
			"integrity": "sha512-uPIxXNis1CRbv1DwqAxkgBk5NFV3s7cMN/Gf556jSw6jBvV7ca4F9lRL/8cALcZecRibeqU+5dFYqFFmzv5a0Q=="
		},
		"node_modules/std": {
			"version": "0.1.40",
			"resolved": "https://registry.npmjs.org/std/-/std-0.1.40.tgz",
			"integrity": "sha1-Nnil9lCU2eG2teJu2/wCErg0K3E=",
			"engines": {
				"node": "*"
			}
		},
		"node_modules/ui": {
			"version": "0.2.4",
			"resolved": "https://registry.npmjs.org/ui/-/ui-0.2.4.tgz",
			"integrity": "sha1-ObfICGsrG2SnLGQ3w43cfE5Og20=",
			"dependencies": {
				"std": "0.1.x"
			},
			"engines": {
				"node": "*"
			}
		}
	},
	"dependencies": {
		"@popperjs/core": {
			"version": "2.9.2",
			"resolved": "https://registry.npmjs.org/@popperjs/core/-/core-2.9.2.tgz",
			"integrity": "sha512-VZMYa7+fXHdwIq1TDhSXoVmSPEGM/aa+6Aiq3nVVJ9bXr24zScr+NlKFKC3iPljA7ho/GAZr+d2jOf5GIRC30Q==",
			"peer": true
		},
		"animate.css": {
			"version": "4.1.1",
			"resolved": "https://registry.npmjs.org/animate.css/-/animate.css-4.1.1.tgz",
			"integrity": "sha512-+mRmCTv6SbCmtYJCN4faJMNFVNN5EuCTTprDTAo7YzIGji2KADmakjVA3+8mVDkZ2Bf09vayB35lSQIex2+QaQ=="
		},
		"bootstrap": {
			"version": "5.0.1",
			"resolved": "https://registry.npmjs.org/bootstrap/-/bootstrap-5.0.1.tgz",
			"integrity": "sha512-Fl79+wsLOZKoiU345KeEaWD0ik8WKRI5zm0YSPj2oF1Qr+BO7z0fco6GbUtqjoG1h4VI89PeKJnMsMMVQdKKTw==",
			"requires": {}
		},
		"jquery": {
			"version": "3.6.0",
			"resolved": "https://registry.npmjs.org/jquery/-/jquery-3.6.0.tgz",
			"integrity": "sha512-JVzAR/AjBvVt2BmYhxRCSYysDsPcssdmTFnzyLEts9qNwmjmu4JTAMYubEfwVOSwpQ1I1sKKFcxhZCI2buerfw=="
		},
		"node": {
			"version": "16.1.0",
			"resolved": "https://registry.npmjs.org/node/-/node-16.1.0.tgz",
			"integrity": "sha512-VCdVc3JI7WrGFwaentjwZsL936Gbzvi4k4y8pqWvml/7JM98oVY9mCv/WvzpPHr2NyZHXCngTiIa0Y26xufNSA==",
			"requires": {
				"node-bin-setup": "^1.0.0"
			}
		},
		"node-bin-setup": {
			"version": "1.0.6",
			"resolved": "https://registry.npmjs.org/node-bin-setup/-/node-bin-setup-1.0.6.tgz",
			"integrity": "sha512-uPIxXNis1CRbv1DwqAxkgBk5NFV3s7cMN/Gf556jSw6jBvV7ca4F9lRL/8cALcZecRibeqU+5dFYqFFmzv5a0Q=="
		},
		"std": {
			"version": "0.1.40",
			"resolved": "https://registry.npmjs.org/std/-/std-0.1.40.tgz",
			"integrity": "sha1-Nnil9lCU2eG2teJu2/wCErg0K3E="
		},
		"ui": {
			"version": "0.2.4",
			"resolved": "https://registry.npmjs.org/ui/-/ui-0.2.4.tgz",
			"integrity": "sha1-ObfICGsrG2SnLGQ3w43cfE5Og20=",
			"requires": {
				"std": "0.1.x"
			}
		}
	}
}
